
Microsoft Visual Studio Solution File, Format Version 12.00
# Visual Studio Version 17
VisualStudioVersion = 17.10.34825.169
MinimumVisualStudioVersion = 10.0.40219.1
Project("{9A19103F-16F7-4668-BE54-9A1E7A4F7556}") = "MSBTConverter", "MSBTConverter\MSBTConverter.csproj", "{68A59330-9E9B-484D-8B4C-7D740602351D}"
EndProject
Project("{9A19103F-16F7-4668-BE54-9A1E7A4F7556}") = "CLMS", "CLMS\CLMS.csproj", "{86D119B4-7C03-4C37-BAE9-48FEC85C8C30}"
EndProject
Global
	GlobalSection(SolutionConfigurationPlatforms) = preSolution
		Debug|Any CPU = Debug|Any CPU
		Release|Any CPU = Release|Any CPU
	EndGlobalSection
	GlobalSection(ProjectConfigurationPlatforms) = postSolution
		{68A59330-9E9B-484D-8B4C-7D740602351D}.Debug|Any CPU.ActiveCfg = Debug|Any CPU
		{68A59330-9E9B-484D-8B4C-7D740602351D}.Debug|Any CPU.Build.0 = Debug|Any CPU
		{68A59330-9E9B-484D-8B4C-7D740602351D}.Release|Any CPU.ActiveCfg = Release|Any CPU
		{68A59330-9E9B-484D-8B4C-7D740602351D}.Release|Any CPU.Build.0 = Release|Any CPU
		{86D119B4-7C03-4C37-BAE9-48FEC85C8C30}.Debug|Any CPU.ActiveCfg = Debug|Any CPU
		{86D119B4-7C03-4C37-BAE9-48FEC85C8C30}.Debug|Any CPU.Build.0 = Debug|Any CPU
		{86D119B4-7C03-4C37-BAE9-48FEC85C8C30}.Release|Any CPU.ActiveCfg = Release|Any CPU
		{86D119B4-7C03-4C37-BAE9-48FEC85C8C30}.Release|Any CPU.Build.0 = Release|Any CPU
	EndGlobalSection
	GlobalSection(SolutionProperties) = preSolution
		HideSolutionNode = FALSE
	EndGlobalSection
	GlobalSection(ExtensibilityGlobals) = postSolution
		SolutionGuid = {D6D33464-5D10-48C1-A6B6-741F7E0E763C}
	EndGlobalSection
EndGlobal
